
Microsoft Visual Studio Solution File, Format Version 12.00
# Visual Studio Version 17
VisualStudioVersion = 17.5.2.0
MinimumVisualStudioVersion = 10.0.40219.1
Project("{2150E333-8FDC-42A3-9474-1A3956D46DE8}") = "services", "services", "{5854FF58-B8C5-05C6-5BF2-ACE42193F22B}"
EndProject
Project("{2150E333-8FDC-42A3-9474-1A3956D46DE8}") = "user", "user", "{5979469B-CEB9-B27D-9095-D604475979B8}"
EndProject
Project("{FAE04EC0-301F-11D3-BF4B-00C04F79EFBC}") = "UsersAPI", "services\user\UsersAPI\UsersAPI.csproj", "{E5C13694-7887-CB93-865A-30E07873C694}"
EndProject
Project("{2150E333-8FDC-42A3-9474-1A3956D46DE8}") = "stock", "stock", "{0289CD13-508D-C519-AE8F-FD197AAB0A42}"
EndProject
Project("{FAE04EC0-301F-11D3-BF4B-00C04F79EFBC}") = "StockAPI", "services\stock\StockAPI\StockAPI.csproj", "{74D490BA-F57F-4381-93F0-49E506FB742A}"
EndProject
Global
	GlobalSection(SolutionConfigurationPlatforms) = preSolution
		Debug|Any CPU = Debug|Any CPU
		Debug|x64 = Debug|x64
		Debug|x86 = Debug|x86
		Release|Any CPU = Release|Any CPU
		Release|x64 = Release|x64
		Release|x86 = Release|x86
	EndGlobalSection
	GlobalSection(ProjectConfigurationPlatforms) = postSolution
		{E5C13694-7887-CB93-865A-30E07873C694}.Debug|Any CPU.ActiveCfg = Debug|Any CPU
		{E5C13694-7887-CB93-865A-30E07873C694}.Debug|Any CPU.Build.0 = Debug|Any CPU
		{E5C13694-7887-CB93-865A-30E07873C694}.Debug|x64.ActiveCfg = Debug|Any CPU
		{E5C13694-7887-CB93-865A-30E07873C694}.Debug|x64.Build.0 = Debug|Any CPU
		{E5C13694-7887-CB93-865A-30E07873C694}.Debug|x86.ActiveCfg = Debug|Any CPU
		{E5C13694-7887-CB93-865A-30E07873C694}.Debug|x86.Build.0 = Debug|Any CPU
		{E5C13694-7887-CB93-865A-30E07873C694}.Release|Any CPU.ActiveCfg = Release|Any CPU
		{E5C13694-7887-CB93-865A-30E07873C694}.Release|Any CPU.Build.0 = Release|Any CPU
		{E5C13694-7887-CB93-865A-30E07873C694}.Release|x64.ActiveCfg = Release|Any CPU
		{E5C13694-7887-CB93-865A-30E07873C694}.Release|x64.Build.0 = Release|Any CPU
		{E5C13694-7887-CB93-865A-30E07873C694}.Release|x86.ActiveCfg = Release|Any CPU
		{E5C13694-7887-CB93-865A-30E07873C694}.Release|x86.Build.0 = Release|Any CPU
		{74D490BA-F57F-4381-93F0-49E506FB742A}.Debug|Any CPU.ActiveCfg = Debug|Any CPU
		{74D490BA-F57F-4381-93F0-49E506FB742A}.Debug|Any CPU.Build.0 = Debug|Any CPU
		{74D490BA-F57F-4381-93F0-49E506FB742A}.Debug|x64.ActiveCfg = Debug|Any CPU
		{74D490BA-F57F-4381-93F0-49E506FB742A}.Debug|x64.Build.0 = Debug|Any CPU
		{74D490BA-F57F-4381-93F0-49E506FB742A}.Debug|x86.ActiveCfg = Debug|Any CPU
		{74D490BA-F57F-4381-93F0-49E506FB742A}.Debug|x86.Build.0 = Debug|Any CPU
		{74D490BA-F57F-4381-93F0-49E506FB742A}.Release|Any CPU.ActiveCfg = Release|Any CPU
		{74D490BA-F57F-4381-93F0-49E506FB742A}.Release|Any CPU.Build.0 = Release|Any CPU
		{74D490BA-F57F-4381-93F0-49E506FB742A}.Release|x64.ActiveCfg = Release|Any CPU
		{74D490BA-F57F-4381-93F0-49E506FB742A}.Release|x64.Build.0 = Release|Any CPU
		{74D490BA-F57F-4381-93F0-49E506FB742A}.Release|x86.ActiveCfg = Release|Any CPU
		{74D490BA-F57F-4381-93F0-49E506FB742A}.Release|x86.Build.0 = Release|Any CPU
	EndGlobalSection
	GlobalSection(SolutionProperties) = preSolution
		HideSolutionNode = FALSE
	EndGlobalSection
	GlobalSection(NestedProjects) = preSolution
		{5979469B-CEB9-B27D-9095-D604475979B8} = {5854FF58-B8C5-05C6-5BF2-ACE42193F22B}
		{E5C13694-7887-CB93-865A-30E07873C694} = {5979469B-CEB9-B27D-9095-D604475979B8}
		{0289CD13-508D-C519-AE8F-FD197AAB0A42} = {5854FF58-B8C5-05C6-5BF2-ACE42193F22B}
		{74D490BA-F57F-4381-93F0-49E506FB742A} = {0289CD13-508D-C519-AE8F-FD197AAB0A42}
	EndGlobalSection
	GlobalSection(ExtensibilityGlobals) = postSolution
		SolutionGuid = {B9FE7AFE-823E-456E-B58A-C04F12E47152}
	EndGlobalSection
EndGlobal
